github.com/forwardnetworks/forward-go-sdk v0.3.17 h1:whqu6NmLz0LJjvEqMdC7MXsJxSRB3Hv/FhfTarEXgYA=
github.com/forwardnetworks/forward-go-sdk v0.3.17/go.mod h1:BIYHI6L5mHgvK4vBojAVCBRlQSe5/R3P6IYcCjDUGng=
github.com/forwardnetworks/forward-go-sdk v0.3.18 h1:dH/CP2P7b6UfVyXibnDLel/skhpB9XWEUlnSIKaWgVY=
github.com/forwardnetworks/forward-go-sdk v0.3.18/go.mod h1:BIYHI6L5mHgvK4vBojAVCBRlQSe5/R3P6IYcCjDUGng=
github.com/forwardnetworks/forward-go-sdk v0.3.19 h1:U81J8Bym9zwFETYo5Be6L7SXpKyteUvV944p+gZoI5I=
github.com/forwardnetworks/forward-go-sdk v0.3.19/go.mod h1:BIYHI6L5mHgvK4vBojAVCBRlQSe5/R3P6IYcCjDUGng=
github.com/forwardnetworks/forward-go-sdk v0.3.20 h1:N/vHdNxMqo6i8vUfCr1yDKN9YtOWmFnb0CD4oKmBC+0=
github.com/forwardnetworks/forward-go-sdk v0.3.20/go.mod h1:BIYHI6L5mHgvK4vBojAVCBRlQSe5/R3P6IYcCjDUGng=
github.com/forwardnetworks/forward-go-sdk v0.3.21 h1:vPU8vo74TIK7rXVDVMk7aw75jevkPn35SEYmbcT1kYs=
github.com/forwardnetworks/forward-go-sdk v0.3.21/go.mod h1:BIYHI6L5mHgvK4vBojAVCBRlQSe5/R3P6IYcCjDUGng=
github.com/forwardnetworks/forward-go-sdk v0.3.22 h1:1Bjghr6ZJC4nBExsYZSDt/u03v1mHwbnzGxe+02s3+c=
github.com/forwardnetworks/forward-go-sdk v0.3.22/go.mod h1:BIYHI6L5mHgvK4vBojAVCBRlQSe5/R3P6IYcCjDUGng=
github.com/forwardnetworks/forward-go-sdk v0.3.23 h1:EO3yRXE8WCfjVGWzOjVAGZXs0MydxuRw7nvV3i3p768=
github.com/forwardnetworks/forward-go-sdk v0.3.23/go.mod h1:BIYHI6L5mHgvK4vBojAVCBRlQSe5/R3P6IYcCjDUGng=
